{
  "name": "unoupqroo",
  "version": "1.0.0",
  "lockfileVersion": 3,
  "requires": true,
  "packages": {
    "": {
      "name": "unoupqroo",
      "version": "1.0.0",
      "license": "ISC",
      "dependencies": {
        "readline-sync": "^1.4.10",
        "validador": "^0.1.6"
      }
    },
    "node_modules/readline-sync": {
      "version": "1.4.10",
      "resolved": "https://registry.npmjs.org/readline-sync/-/readline-sync-1.4.10.tgz",
      "integrity": "sha512-gNva8/6UAe8QYepIQH/jQ2qn91Qj0B9sYjMBBs3QOB8F2CXcKgLxQaJRP76sWVRQt+QU+8fAkCbCvjjMFu7Ycw==",
      "engines": {
        "node": ">= 0.8.0"
      }
    },
    "node_modules/validador": {
      "version": "0.1.6",
      "resolved": "https://registry.npmjs.org/validador/-/validador-0.1.6.tgz",
      "integrity": "sha512-DhmVZ9ApnjG3Z9DS4fHa/ZIBa+ZGTAtSWKAeIQohVZ+cLZviJn7Pa2ILaxsCYIKTW0p3f53WrDFfrjQ7QkdnyQ==",
      "dependencies": {
        "validator": "^5.4.0"
      }
    },
    "node_modules/validator": {
      "version": "5.7.0",
      "resolved": "https://registry.npmjs.org/validator/-/validator-5.7.0.tgz",
      "integrity": "sha512-kHes0AATXms5NVgbJ4aDELR91O7+X+cxAS9d6I2z49MBhcAw6DYW4UCI8qv9NkL4+Mgx8jklt7gkCht+UHaZ+g==",
      "engines": {
        "node": ">= 0.10"
      }
    }
  }
}
